
Microsoft Visual Studio Solution File, Format Version 12.00
# Visual Studio 15
VisualStudioVersion = 15.0.28307.168
MinimumVisualStudioVersion = 10.0.40219.1
Project("{FAE04EC0-301F-11D3-BF4B-00C04F79EFBC}") = "TW-Bot", "TW-Bot\TW-Bot.csproj", "{5A1A3731-F94F-4E02-A8C8-3575C318C315}"
EndProject
Global
	GlobalSection(SolutionConfigurationPlatforms) = preSolution
		Debug|Any CPU = Debug|Any CPU
		Release|Any CPU = Release|Any CPU
	EndGlobalSection
	GlobalSection(ProjectConfigurationPlatforms) = postSolution
		{5A1A3731-F94F-4E02-A8C8-3575C318C315}.Debug|Any CPU.ActiveCfg = Debug|Any CPU
		{5A1A3731-F94F-4E02-A8C8-3575C318C315}.Debug|Any CPU.Build.0 = Debug|Any CPU
		{5A1A3731-F94F-4E02-A8C8-3575C318C315}.Release|Any CPU.ActiveCfg = Release|Any CPU
		{5A1A3731-F94F-4E02-A8C8-3575C318C315}.Release|Any CPU.Build.0 = Release|Any CPU
	EndGlobalSection
	GlobalSection(SolutionProperties) = preSolution
		HideSolutionNode = FALSE
	EndGlobalSection
	GlobalSection(ExtensibilityGlobals) = postSolution
		SolutionGuid = {F9F6882B-1097-4984-A517-6505248D3C2D}
	EndGlobalSection
EndGlobal
